{
  "requires": true,
  "lockfileVersion": 1,
  "dependencies": {
    "event-source-polyfill": {
      "version": "1.0.11",
      "resolved": "https://registry.npmjs.org/event-source-polyfill/-/event-source-polyfill-1.0.11.tgz",
      "integrity": "sha512-fbo96OutP0Bb+gIYTTy8LGhNWySdetsFElCn/vhOzQL3cXWsS70TP/aRUe32U7F+PuOZH/tvb40tZgoJV8/Ilw=="
    }
  }
}
